
Microsoft Visual Studio Solution File, Format Version 12.00
# Visual Studio Version 17
VisualStudioVersion = 17.7.34024.191
MinimumVisualStudioVersion = 10.0.40219.1
Project("{FAE04EC0-301F-11D3-BF4B-00C04F79EFBC}") = "9.11", "9.11\9.11.csproj", "{482FC23E-D944-4381-9F12-A8AFA01B37E5}"
EndProject
Global
	GlobalSection(SolutionConfigurationPlatforms) = preSolution
		Debug|Any CPU = Debug|Any CPU
		Release|Any CPU = Release|Any CPU
	EndGlobalSection
	GlobalSection(ProjectConfigurationPlatforms) = postSolution
		{482FC23E-D944-4381-9F12-A8AFA01B37E5}.Debug|Any CPU.ActiveCfg = Debug|Any CPU
		{482FC23E-D944-4381-9F12-A8AFA01B37E5}.Debug|Any CPU.Build.0 = Debug|Any CPU
		{482FC23E-D944-4381-9F12-A8AFA01B37E5}.Release|Any CPU.ActiveCfg = Release|Any CPU
		{482FC23E-D944-4381-9F12-A8AFA01B37E5}.Release|Any CPU.Build.0 = Release|Any CPU
	EndGlobalSection
	GlobalSection(SolutionProperties) = preSolution
		HideSolutionNode = FALSE
	EndGlobalSection
	GlobalSection(ExtensibilityGlobals) = postSolution
		SolutionGuid = {355CC3B3-1BBA-49F0-9974-7241CA45EEDB}
	EndGlobalSection
EndGlobal
