
Microsoft Visual Studio Solution File, Format Version 12.00
# Visual Studio Version 17
VisualStudioVersion = 17.7.34024.191
MinimumVisualStudioVersion = 10.0.40219.1
Project("{FAE04EC0-301F-11D3-BF4B-00C04F79EFBC}") = "ConsoleApp1", "ConsoleApp1\ConsoleApp1.csproj", "{50058A21-609E-46ED-8974-F078161A4933}"
EndProject
Global
	GlobalSection(SolutionConfigurationPlatforms) = preSolution
		Debug|Any CPU = Debug|Any CPU
		Release|Any CPU = Release|Any CPU
	EndGlobalSection
	GlobalSection(ProjectConfigurationPlatforms) = postSolution
		{50058A21-609E-46ED-8974-F078161A4933}.Debug|Any CPU.ActiveCfg = Debug|Any CPU
		{50058A21-609E-46ED-8974-F078161A4933}.Debug|Any CPU.Build.0 = Debug|Any CPU
		{50058A21-609E-46ED-8974-F078161A4933}.Release|Any CPU.ActiveCfg = Release|Any CPU
		{50058A21-609E-46ED-8974-F078161A4933}.Release|Any CPU.Build.0 = Release|Any CPU
	EndGlobalSection
	GlobalSection(SolutionProperties) = preSolution
		HideSolutionNode = FALSE
	EndGlobalSection
	GlobalSection(ExtensibilityGlobals) = postSolution
		SolutionGuid = {DB3EB1E5-11B9-4AC4-A27B-B9DF5401ECC5}
	EndGlobalSection
EndGlobal
